# THIS IS AN AUTOGENERATED FILE. DO NOT EDIT THIS FILE DIRECTLY.
# yarn lockfile v1


"@babel/helper-validator-identifier@^7.10.4":
  version "7.10.4"
  resolved "https://registry.yarnpkg.com/@babel/helper-validator-identifier/-/helper-validator-identifier-7.10.4.tgz#a78c7a7251e01f616512d31b10adcf52ada5e0d2"
  integrity sha512-3U9y+43hz7ZM+rzG24Qe2mufW5KhvFg/NhnNph+i9mgCtdTCtMJuI1TMkrIUiK7Ix4PYlRF9I5dhqaLYA/ADXw==

"@babel/parser@^7.6.0":
  version "7.11.5"
  resolved "https://registry.yarnpkg.com/@babel/parser/-/parser-7.11.5.tgz#c7ff6303df71080ec7a4f5b8c003c58f1cf51037"
  integrity sha512-X9rD8qqm695vgmeaQ4fvz/o3+Wk4ZzQvSHkDBgpYKxpD4qTAUm88ZKtHkVqIOsYFFbIQ6wQYhC6q7pjqVK0E0Q==

"@babel/types@^7.6.1":
  version "7.11.5"
  resolved "https://registry.yarnpkg.com/@babel/types/-/types-7.11.5.tgz#d9de577d01252d77c6800cee039ee64faf75662d"
  integrity sha512-bvM7Qz6eKnJVFIn+1LPtjlBFPVN5jNDc1XmN15vWe7Q3DPBufWWsLiIvUu7xW87uTG6QoggpIDnUgLQvPheU+Q==
  dependencies:
    "@babel/helper-validator-identifier" "^7.10.4"
    lodash "^4.17.19"
    to-fast-properties "^2.0.0"

acorn@^7.1.1:
  version "7.4.1"
  resolved "https://registry.yarnpkg.com/acorn/-/acorn-7.4.1.tgz#feaed255973d2e77555b83dbc08851a6c63520fa"
  integrity sha512-nQyp0o1/mNdbTO1PO6kHkwSrmgZ0MT/jCCpNiwbUjGoRN4dlBhqJtoQuCnEOKzgTVwg0ZWiCoQy6SxMebQVh8A==

asap@~2.0.3:
  version "2.0.6"
  resolved "https://registry.yarnpkg.com/asap/-/asap-2.0.6.tgz#e50347611d7e690943208bbdafebcbc2fb866d46"
  integrity sha1-5QNHYR1+aQlDIIu9r+vLwvuGbUY=

character-parser@^2.2.0:
  version "2.2.0"
  resolved "https://registry.yarnpkg.com/character-parser/-/character-parser-2.2.0.tgz#c7ce28f36d4bcd9744e5ffc2c5fcde1c73261fc0"
  integrity sha1-x84o821LzZdE5f/CxfzeHHMmH8A=
  dependencies:
    is-regex "^1.0.3"

constantinople@^4.0.1:
  version "4.0.1"
  resolved "https://registry.yarnpkg.com/constantinople/-/constantinople-4.0.1.tgz#0def113fa0e4dc8de83331a5cf79c8b325213151"
  integrity sha512-vCrqcSIq4//Gx74TXXCGnHpulY1dskqLTFGDmhrGxzeXL8lF8kvXv6mpNWlJj1uD4DW23D4ljAqbY4RRaaUZIw==
  dependencies:
    "@babel/parser" "^7.6.0"
    "@babel/types" "^7.6.1"

has-symbols@^1.0.1:
  version "1.0.1"
  resolved "https://registry.yarnpkg.com/has-symbols/-/has-symbols-1.0.1.tgz#9f5214758a44196c406d9bd76cebf81ec2dd31e8"
  integrity sha512-PLcsoqu++dmEIZB+6totNFKq/7Do+Z0u4oT0zKOJNl3lYK6vGwwu2hjHs+68OEZbTjiUE9bgOABXbP/GvrS0Kg==

is-expression@^4.0.0:
  version "4.0.0"
  resolved "https://registry.yarnpkg.com/is-expression/-/is-expression-4.0.0.tgz#c33155962abf21d0afd2552514d67d2ec16fd2ab"
  integrity sha512-zMIXX63sxzG3XrkHkrAPvm/OVZVSCPNkwMHU8oTX7/U3AL78I0QXCEICXUM13BIa8TYGZ68PiTKfQz3yaTNr4A==
  dependencies:
    acorn "^7.1.1"
    object-assign "^4.1.1"

is-promise@^2.0.0:
  version "2.2.2"
  resolved "https://registry.yarnpkg.com/is-promise/-/is-promise-2.2.2.tgz#39ab959ccbf9a774cf079f7b40c7a26f763135f1"
  integrity sha512-+lP4/6lKUBfQjZ2pdxThZvLUAafmZb8OAxFb8XXtiQmS35INgr85hdOGoEs124ez1FCnZJt6jau/T+alh58QFQ==

is-regex@^1.0.3:
  version "1.1.1"
  resolved "https://registry.yarnpkg.com/is-regex/-/is-regex-1.1.1.tgz#c6f98aacc546f6cec5468a07b7b153ab564a57b9"
  integrity sha512-1+QkEcxiLlB7VEyFtyBg94e08OAsvq7FUBgApTq/w2ymCLyKJgDPsybBENVtA7XCQEgEXxKPonG+mvYRxh/LIg==
  dependencies:
    has-symbols "^1.0.1"

jstransformer@1.0.0:
  version "1.0.0"
  resolved "https://registry.yarnpkg.com/jstransformer/-/jstransformer-1.0.0.tgz#ed8bf0921e2f3f1ed4d5c1a44f68709ed24722c3"
  integrity sha1-7Yvwkh4vPx7U1cGkT2hwntJHIsM=
  dependencies:
    is-promise "^2.0.0"
    promise "^7.0.1"

lodash@^4.17.19:
  version "4.17.20"
  resolved "https://registry.yarnpkg.com/lodash/-/lodash-4.17.20.tgz#b44a9b6297bcb698f1c51a3545a2b3b368d59c52"
  integrity sha512-PlhdFcillOINfeV7Ni6oF1TAEayyZBoZ8bcshTHqOYJYlrqzRK5hagpagky5o4HfCzzd1TRkXPMFq6cKk9rGmA==

object-assign@^4.1.1:
  version "4.1.1"
  resolved "https://registry.yarnpkg.com/object-assign/-/object-assign-4.1.1.tgz#2109adc7965887cfc05cbbd442cac8bfbb360863"
  integrity sha1-IQmtx5ZYh8/AXLvUQsrIv7s2CGM=

path-parse@^1.0.6:
  version "1.0.6"
  resolved "https://registry.yarnpkg.com/path-parse/-/path-parse-1.0.6.tgz#d62dbb5679405d72c4737ec58600e9ddcf06d24c"
  integrity sha512-GSmOT2EbHrINBf9SR7CDELwlJ8AENk3Qn7OikK4nFYAu3Ote2+JYNVvkpAEQm3/TLNEJFD/xZJjzyxg3KBWOzw==

promise@^7.0.1:
  version "7.3.1"
  resolved "https://registry.yarnpkg.com/promise/-/promise-7.3.1.tgz#064b72602b18f90f29192b8b1bc418ffd1ebd3bf"
  integrity sha512-nolQXZ/4L+bP/UGlkfaIujX9BKxGwmQ9OT4mOt5yvy8iK1h3wqTEJCijzGANTCCl9nWjY41juyAn2K3Q1hLLTg==
  dependencies:
    asap "~2.0.3"

pug-error@^2.0.0:
  version "2.0.0"
  resolved "https://registry.yarnpkg.com/pug-error/-/pug-error-2.0.0.tgz#5c62173cb09c34de2a2ce04f17b8adfec74d8ca5"
  integrity sha512-sjiUsi9M4RAGHktC1drQfCr5C5eriu24Lfbt4s+7SykztEOwVZtbFk1RRq0tzLxcMxMYTBR+zMQaG07J/btayQ==

pug-filters@^4.0.0:
  version "4.0.0"
  resolved "https://registry.yarnpkg.com/pug-filters/-/pug-filters-4.0.0.tgz#d3e49af5ba8472e9b7a66d980e707ce9d2cc9b5e"
  integrity sha512-yeNFtq5Yxmfz0f9z2rMXGw/8/4i1cCFecw/Q7+D0V2DdtII5UvqE12VaZ2AY7ri6o5RNXiweGH79OCq+2RQU4A==
  dependencies:
    constantinople "^4.0.1"
    jstransformer "1.0.0"
    pug-error "^2.0.0"
    pug-walk "^2.0.0"
    resolve "^1.15.1"

pug-lexer@^5.0.0:
  version "5.0.0"
  resolved "https://registry.yarnpkg.com/pug-lexer/-/pug-lexer-5.0.0.tgz#0b779e7d8cbf0f103803675be96351942fd9a727"
  integrity sha512-52xMk8nNpuyQ/M2wjZBN5gXQLIylaGkAoTk5Y1pBhVqaopaoj8Z0iVzpbFZAqitL4RHNVDZRnJDsqEYe99Ti0A==
  dependencies:
    character-parser "^2.2.0"
    is-expression "^4.0.0"
    pug-error "^2.0.0"

pug-parser@^6.0.0:
  version "6.0.0"
  resolved "https://registry.yarnpkg.com/pug-parser/-/pug-parser-6.0.0.tgz#a8fdc035863a95b2c1dc5ebf4ecf80b4e76a1260"
  integrity sha512-ukiYM/9cH6Cml+AOl5kETtM9NR3WulyVP2y4HOU45DyMim1IeP/OOiyEWRr6qk5I5klpsBnbuHpwKmTx6WURnw==
  dependencies:
    pug-error "^2.0.0"
    token-stream "1.0.0"

pug-strip-comments@^2.0.0:
  version "2.0.0"
  resolved "https://registry.yarnpkg.com/pug-strip-comments/-/pug-strip-comments-2.0.0.tgz#f94b07fd6b495523330f490a7f554b4ff876303e"
  integrity sha512-zo8DsDpH7eTkPHCXFeAk1xZXJbyoTfdPlNR0bK7rpOMuhBYb0f5qUVCO1xlsitYd3w5FQTK7zpNVKb3rZoUrrQ==
  dependencies:
    pug-error "^2.0.0"

pug-walk@^2.0.0:
  version "2.0.0"
  resolved "https://registry.yarnpkg.com/pug-walk/-/pug-walk-2.0.0.tgz#417aabc29232bb4499b5b5069a2b2d2a24d5f5fe"
  integrity sha512-yYELe9Q5q9IQhuvqsZNwA5hfPkMJ8u92bQLIMcsMxf/VADjNtEYptU+inlufAFYcWdHlwNfZOEnOOQrZrcyJCQ==

resolve@^1.15.1:
  version "1.17.0"
  resolved "https://registry.yarnpkg.com/resolve/-/resolve-1.17.0.tgz#b25941b54968231cc2d1bb76a79cb7f2c0bf8444"
  integrity sha512-ic+7JYiV8Vi2yzQGFWOkiZD5Z9z7O2Zhm9XMaTxdJExKasieFCr+yXZ/WmXsckHiKl12ar0y6XiXDx3m4RHn1w==
  dependencies:
    path-parse "^1.0.6"

to-fast-properties@^2.0.0:
  version "2.0.0"
  resolved "https://registry.yarnpkg.com/to-fast-properties/-/to-fast-properties-2.0.0.tgz#dc5e698cbd079265bc73e0377681a4e4e83f616e"
  integrity sha1-3F5pjL0HkmW8c+A3doGk5Og/YW4=

token-stream@1.0.0:
  version "1.0.0"
  resolved "https://registry.yarnpkg.com/token-stream/-/token-stream-1.0.0.tgz#cc200eab2613f4166d27ff9afc7ca56d49df6eb4"
  integrity sha1-zCAOqyYT9BZtJ/+a/HylbUnfbrQ=
